
Microsoft Visual Studio Solution File, Format Version 12.00
# Visual Studio Version 16
VisualStudioVersion = 16.0.29324.140
MinimumVisualStudioVersion = 10.0.40219.1
Project("{FAE04EC0-301F-11D3-BF4B-00C04F79EFBC}") = "SfBackdrop_Sample.UWP", "SfBackdrop_Sample\SfBackdrop_Sample.UWP\SfBackdrop_Sample.UWP.csproj", "{5C7435E0-8659-41D4-B1B9-13FC32008607}"
EndProject
Project("{FAE04EC0-301F-11D3-BF4B-00C04F79EFBC}") = "SfBackdrop_Sample.Android", "SfBackdrop_Sample\SfBackdrop_Sample.Android\SfBackdrop_Sample.Android.csproj", "{2BCDF9BE-0971-4B23-89F1-9B6D6B486588}"
EndProject
Project("{FAE04EC0-301F-11D3-BF4B-00C04F79EFBC}") = "SfBackdrop_Sample.iOS", "SfBackdrop_Sample\SfBackdrop_Sample.iOS\SfBackdrop_Sample.iOS.csproj", "{B61D0446-B8AA-461B-B524-559AD47FC913}"
EndProject
Project("{FAE04EC0-301F-11D3-BF4B-00C04F79EFBC}") = "SfBackdrop_Sample", "SfBackdrop_Sample\SfBackdrop_Sample\SfBackdrop_Sample.csproj", "{B89D8CB6-003F-4A07-B335-B567A025169E}"
EndProject
Global
	GlobalSection(SolutionConfigurationPlatforms) = preSolution
		Debug|Any CPU = Debug|Any CPU
		Debug|ARM = Debug|ARM
		Debug|iPhone = Debug|iPhone
		Debug|iPhoneSimulator = Debug|iPhoneSimulator
		Debug|x64 = Debug|x64
		Debug|x86 = Debug|x86
		Release|Any CPU = Release|Any CPU
		Release|ARM = Release|ARM
		Release|iPhone = Release|iPhone
		Release|iPhoneSimulator = Release|iPhoneSimulator
		Release|x64 = Release|x64
		Release|x86 = Release|x86
	EndGlobalSection
	GlobalSection(ProjectConfigurationPlatforms) = postSolution
		{5C7435E0-8659-41D4-B1B9-13FC32008607}.Debug|Any CPU.ActiveCfg = Debug|x86
		{5C7435E0-8659-41D4-B1B9-13FC32008607}.Debug|Any CPU.Build.0 = Debug|x86
		{5C7435E0-8659-41D4-B1B9-13FC32008607}.Debug|Any CPU.Deploy.0 = Debug|x86
		{5C7435E0-8659-41D4-B1B9-13FC32008607}.Debug|ARM.ActiveCfg = Debug|ARM
		{5C7435E0-8659-41D4-B1B9-13FC32008607}.Debug|ARM.Build.0 = Debug|ARM
		{5C7435E0-8659-41D4-B1B9-13FC32008607}.Debug|ARM.Deploy.0 = Debug|ARM
		{5C7435E0-8659-41D4-B1B9-13FC32008607}.Debug|iPhone.ActiveCfg = Debug|x86
		{5C7435E0-8659-41D4-B1B9-13FC32008607}.Debug|iPhone.Build.0 = Debug|x86
		{5C7435E0-8659-41D4-B1B9-13FC32008607}.Debug|iPhone.Deploy.0 = Debug|x86
		{5C7435E0-8659-41D4-B1B9-13FC32008607}.Debug|iPhoneSimulator.ActiveCfg = Debug|x86
		{5C7435E0-8659-41D4-B1B9-13FC32008607}.Debug|iPhoneSimulator.Build.0 = Debug|x86
		{5C7435E0-8659-41D4-B1B9-13FC32008607}.Debug|iPhoneSimulator.Deploy.0 = Debug|x86
		{5C7435E0-8659-41D4-B1B9-13FC32008607}.Debug|x64.ActiveCfg = Debug|x64
		{5C7435E0-8659-41D4-B1B9-13FC32008607}.Debug|x64.Build.0 = Debug|x64
		{5C7435E0-8659-41D4-B1B9-13FC32008607}.Debug|x64.Deploy.0 = Debug|x64
		{5C7435E0-8659-41D4-B1B9-13FC32008607}.Debug|x86.ActiveCfg = Debug|x86
		{5C7435E0-8659-41D4-B1B9-13FC32008607}.Debug|x86.Build.0 = Debug|x86
		{5C7435E0-8659-41D4-B1B9-13FC32008607}.Debug|x86.Deploy.0 = Debug|x86
		{5C7435E0-8659-41D4-B1B9-13FC32008607}.Release|Any CPU.ActiveCfg = Release|x86
		{5C7435E0-8659-41D4-B1B9-13FC32008607}.Release|Any CPU.Build.0 = Release|x86
		{5C7435E0-8659-41D4-B1B9-13FC32008607}.Release|Any CPU.Deploy.0 = Release|x86
		{5C7435E0-8659-41D4-B1B9-13FC32008607}.Release|ARM.ActiveCfg = Release|ARM
		{5C7435E0-8659-41D4-B1B9-13FC32008607}.Release|ARM.Build.0 = Release|ARM
		{5C7435E0-8659-41D4-B1B9-13FC32008607}.Release|ARM.Deploy.0 = Release|ARM
		{5C7435E0-8659-41D4-B1B9-13FC32008607}.Release|iPhone.ActiveCfg = Release|x86
		{5C7435E0-8659-41D4-B1B9-13FC32008607}.Release|iPhone.Build.0 = Release|x86
		{5C7435E0-8659-41D4-B1B9-13FC32008607}.Release|iPhone.Deploy.0 = Release|x86
		{5C7435E0-8659-41D4-B1B9-13FC32008607}.Release|iPhoneSimulator.ActiveCfg = Release|x86
		{5C7435E0-8659-41D4-B1B9-13FC32008607}.Release|iPhoneSimulator.Build.0 = Release|x86
		{5C7435E0-8659-41D4-B1B9-13FC32008607}.Release|iPhoneSimulator.Deploy.0 = Release|x86
		{5C7435E0-8659-41D4-B1B9-13FC32008607}.Release|x64.ActiveCfg = Release|x64
		{5C7435E0-8659-41D4-B1B9-13FC32008607}.Release|x64.Build.0 = Release|x64
		{5C7435E0-8659-41D4-B1B9-13FC32008607}.Release|x64.Deploy.0 = Release|x64
		{5C7435E0-8659-41D4-B1B9-13FC32008607}.Release|x86.ActiveCfg = Release|x86
		{5C7435E0-8659-41D4-B1B9-13FC32008607}.Release|x86.Build.0 = Release|x86
		{5C7435E0-8659-41D4-B1B9-13FC32008607}.Release|x86.Deploy.0 = Release|x86
		{2BCDF9BE-0971-4B23-89F1-9B6D6B486588}.Debug|Any CPU.ActiveCfg = Debug|Any CPU
		{2BCDF9BE-0971-4B23-89F1-9B6D6B486588}.Debug|Any CPU.Build.0 = Debug|Any CPU
		{2BCDF9BE-0971-4B23-89F1-9B6D6B486588}.Debug|Any CPU.Deploy.0 = Debug|Any CPU
		{2BCDF9BE-0971-4B23-89F1-9B6D6B486588}.Debug|ARM.ActiveCfg = Debug|Any CPU
		{2BCDF9BE-0971-4B23-89F1-9B6D6B486588}.Debug|ARM.Build.0 = Debug|Any CPU
		{2BCDF9BE-0971-4B23-89F1-9B6D6B486588}.Debug|ARM.Deploy.0 = Debug|Any CPU
		{2BCDF9BE-0971-4B23-89F1-9B6D6B486588}.Debug|iPhone.ActiveCfg = Debug|Any CPU
		{2BCDF9BE-0971-4B23-89F1-9B6D6B486588}.Debug|iPhone.Build.0 = Debug|Any CPU
		{2BCDF9BE-0971-4B23-89F1-9B6D6B486588}.Debug|iPhone.Deploy.0 = Debug|Any CPU
		{2BCDF9BE-0971-4B23-89F1-9B6D6B486588}.Debug|iPhoneSimulator.ActiveCfg = Debug|Any CPU
		{2BCDF9BE-0971-4B23-89F1-9B6D6B486588}.Debug|iPhoneSimulator.Build.0 = Debug|Any CPU
		{2BCDF9BE-0971-4B23-89F1-9B6D6B486588}.Debug|iPhoneSimulator.Deploy.0 = Debug|Any CPU
		{2BCDF9BE-0971-4B23-89F1-9B6D6B486588}.Debug|x64.ActiveCfg = Debug|Any CPU
		{2BCDF9BE-0971-4B23-89F1-9B6D6B486588}.Debug|x64.Build.0 = Debug|Any CPU
		{2BCDF9BE-0971-4B23-89F1-9B6D6B486588}.Debug|x64.Deploy.0 = Debug|Any CPU
		{2BCDF9BE-0971-4B23-89F1-9B6D6B486588}.Debug|x86.ActiveCfg = Debug|Any CPU
		{2BCDF9BE-0971-4B23-89F1-9B6D6B486588}.Debug|x86.Build.0 = Debug|Any CPU
		{2BCDF9BE-0971-4B23-89F1-9B6D6B486588}.Debug|x86.Deploy.0 = Debug|Any CPU
		{2BCDF9BE-0971-4B23-89F1-9B6D6B486588}.Release|Any CPU.ActiveCfg = Release|Any CPU
		{2BCDF9BE-0971-4B23-89F1-9B6D6B486588}.Release|Any CPU.Build.0 = Release|Any CPU
		{2BCDF9BE-0971-4B23-89F1-9B6D6B486588}.Release|Any CPU.Deploy.0 = Release|Any CPU
		{2BCDF9BE-0971-4B23-89F1-9B6D6B486588}.Release|ARM.ActiveCfg = Release|Any CPU
		{2BCDF9BE-0971-4B23-89F1-9B6D6B486588}.Release|ARM.Build.0 = Release|Any CPU
		{2BCDF9BE-0971-4B23-89F1-9B6D6B486588}.Release|ARM.Deploy.0 = Release|Any CPU
		{2BCDF9BE-0971-4B23-89F1-9B6D6B486588}.Release|iPhone.ActiveCfg = Release|Any CPU
		{2BCDF9BE-0971-4B23-89F1-9B6D6B486588}.Release|iPhone.Build.0 = Release|Any CPU
		{2BCDF9BE-0971-4B23-89F1-9B6D6B486588}.Release|iPhone.Deploy.0 = Release|Any CPU
		{2BCDF9BE-0971-4B23-89F1-9B6D6B486588}.Release|iPhoneSimulator.ActiveCfg = Release|Any CPU
		{2BCDF9BE-0971-4B23-89F1-9B6D6B486588}.Release|iPhoneSimulator.Build.0 = Release|Any CPU
		{2BCDF9BE-0971-4B23-89F1-9B6D6B486588}.Release|iPhoneSimulator.Deploy.0 = Release|Any CPU
		{2BCDF9BE-0971-4B23-89F1-9B6D6B486588}.Release|x64.ActiveCfg = Release|Any CPU
		{2BCDF9BE-0971-4B23-89F1-9B6D6B486588}.Release|x64.Build.0 = Release|Any CPU
		{2BCDF9BE-0971-4B23-89F1-9B6D6B486588}.Release|x64.Deploy.0 = Release|Any CPU
		{2BCDF9BE-0971-4B23-89F1-9B6D6B486588}.Release|x86.ActiveCfg = Release|Any CPU
		{2BCDF9BE-0971-4B23-89F1-9B6D6B486588}.Release|x86.Build.0 = Release|Any CPU
		{2BCDF9BE-0971-4B23-89F1-9B6D6B486588}.Release|x86.Deploy.0 = Release|Any CPU
		{B61D0446-B8AA-461B-B524-559AD47FC913}.Debug|Any CPU.ActiveCfg = Debug|iPhone
		{B61D0446-B8AA-461B-B524-559AD47FC913}.Debug|Any CPU.Build.0 = Debug|iPhone
		{B61D0446-B8AA-461B-B524-559AD47FC913}.Debug|Any CPU.Deploy.0 = Debug|iPhone
		{B61D0446-B8AA-461B-B524-559AD47FC913}.Debug|ARM.ActiveCfg = Debug|iPhoneSimulator
		{B61D0446-B8AA-461B-B524-559AD47FC913}.Debug|ARM.Build.0 = Debug|iPhoneSimulator
		{B61D0446-B8AA-461B-B524-559AD47FC913}.Debug|ARM.Deploy.0 = Debug|iPhoneSimulator
		{B61D0446-B8AA-461B-B524-559AD47FC913}.Debug|iPhone.ActiveCfg = Debug|iPhone
		{B61D0446-B8AA-461B-B524-559AD47FC913}.Debug|iPhone.Build.0 = Debug|iPhone
		{B61D0446-B8AA-461B-B524-559AD47FC913}.Debug|iPhone.Deploy.0 = Debug|iPhone
		{B61D0446-B8AA-461B-B524-559AD47FC913}.Debug|iPhoneSimulator.ActiveCfg = Debug|iPhoneSimulator
		{B61D0446-B8AA-461B-B524-559AD47FC913}.Debug|iPhoneSimulator.Build.0 = Debug|iPhoneSimulator
		{B61D0446-B8AA-461B-B524-559AD47FC913}.Debug|iPhoneSimulator.Deploy.0 = Debug|iPhoneSimulator
		{B61D0446-B8AA-461B-B524-559AD47FC913}.Debug|x64.ActiveCfg = Debug|iPhone
		{B61D0446-B8AA-461B-B524-559AD47FC913}.Debug|x64.Build.0 = Debug|iPhone
		{B61D0446-B8AA-461B-B524-559AD47FC913}.Debug|x64.Deploy.0 = Debug|iPhone
		{B61D0446-B8AA-461B-B524-559AD47FC913}.Debug|x86.ActiveCfg = Debug|iPhone
		{B61D0446-B8AA-461B-B524-559AD47FC913}.Debug|x86.Build.0 = Debug|iPhone
		{B61D0446-B8AA-461B-B524-559AD47FC913}.Debug|x86.Deploy.0 = Debug|iPhone
		{B61D0446-B8AA-461B-B524-559AD47FC913}.Release|Any CPU.ActiveCfg = Release|iPhone
		{B61D0446-B8AA-461B-B524-559AD47FC913}.Release|Any CPU.Build.0 = Release|iPhone
		{B61D0446-B8AA-461B-B524-559AD47FC913}.Release|Any CPU.Deploy.0 = Release|iPhone
		{B61D0446-B8AA-461B-B524-559AD47FC913}.Release|ARM.ActiveCfg = Release|iPhone
		{B61D0446-B8AA-461B-B524-559AD47FC913}.Release|ARM.Build.0 = Release|iPhone
		{B61D0446-B8AA-461B-B524-559AD47FC913}.Release|ARM.Deploy.0 = Release|iPhone
		{B61D0446-B8AA-461B-B524-559AD47FC913}.Release|iPhone.ActiveCfg = Release|iPhone
		{B61D0446-B8AA-461B-B524-559AD47FC913}.Release|iPhone.Build.0 = Release|iPhone
		{B61D0446-B8AA-461B-B524-559AD47FC913}.Release|iPhone.Deploy.0 = Release|iPhone
		{B61D0446-B8AA-461B-B524-559AD47FC913}.Release|iPhoneSimulator.ActiveCfg = Release|iPhoneSimulator
		{B61D0446-B8AA-461B-B524-559AD47FC913}.Release|iPhoneSimulator.Build.0 = Release|iPhoneSimulator
		{B61D0446-B8AA-461B-B524-559AD47FC913}.Release|iPhoneSimulator.Deploy.0 = Release|iPhoneSimulator
		{B61D0446-B8AA-461B-B524-559AD47FC913}.Release|x64.ActiveCfg = Release|iPhone
		{B61D0446-B8AA-461B-B524-559AD47FC913}.Release|x64.Build.0 = Release|iPhone
		{B61D0446-B8AA-461B-B524-559AD47FC913}.Release|x64.Deploy.0 = Release|iPhone
		{B61D0446-B8AA-461B-B524-559AD47FC913}.Release|x86.ActiveCfg = Release|iPhone
		{B61D0446-B8AA-461B-B524-559AD47FC913}.Release|x86.Build.0 = Release|iPhone
		{B61D0446-B8AA-461B-B524-559AD47FC913}.Release|x86.Deploy.0 = Release|iPhone
		{B89D8CB6-003F-4A07-B335-B567A025169E}.Debug|Any CPU.ActiveCfg = Debug|Any CPU
		{B89D8CB6-003F-4A07-B335-B567A025169E}.Debug|Any CPU.Build.0 = Debug|Any CPU
		{B89D8CB6-003F-4A07-B335-B567A025169E}.Debug|Any CPU.Deploy.0 = Debug|Any CPU
		{B89D8CB6-003F-4A07-B335-B567A025169E}.Debug|ARM.ActiveCfg = Debug|Any CPU
		{B89D8CB6-003F-4A07-B335-B567A025169E}.Debug|ARM.Build.0 = Debug|Any CPU
		{B89D8CB6-003F-4A07-B335-B567A025169E}.Debug|ARM.Deploy.0 = Debug|Any CPU
		{B89D8CB6-003F-4A07-B335-B567A025169E}.Debug|iPhone.ActiveCfg = Debug|Any CPU
		{B89D8CB6-003F-4A07-B335-B567A025169E}.Debug|iPhone.Build.0 = Debug|Any CPU
		{B89D8CB6-003F-4A07-B335-B567A025169E}.Debug|iPhone.Deploy.0 = Debug|Any CPU
		{B89D8CB6-003F-4A07-B335-B567A025169E}.Debug|iPhoneSimulator.ActiveCfg = Debug|Any CPU
		{B89D8CB6-003F-4A07-B335-B567A025169E}.Debug|iPhoneSimulator.Build.0 = Debug|Any CPU
		{B89D8CB6-003F-4A07-B335-B567A025169E}.Debug|iPhoneSimulator.Deploy.0 = Debug|Any CPU
		{B89D8CB6-003F-4A07-B335-B567A025169E}.Debug|x64.ActiveCfg = Debug|Any CPU
		{B89D8CB6-003F-4A07-B335-B567A025169E}.Debug|x64.Build.0 = Debug|Any CPU
		{B89D8CB6-003F-4A07-B335-B567A025169E}.Debug|x64.Deploy.0 = Debug|Any CPU
		{B89D8CB6-003F-4A07-B335-B567A025169E}.Debug|x86.ActiveCfg = Debug|Any CPU
		{B89D8CB6-003F-4A07-B335-B567A025169E}.Debug|x86.Build.0 = Debug|Any CPU
		{B89D8CB6-003F-4A07-B335-B567A025169E}.Debug|x86.Deploy.0 = Debug|Any CPU
		{B89D8CB6-003F-4A07-B335-B567A025169E}.Release|Any CPU.ActiveCfg = Release|Any CPU
		{B89D8CB6-003F-4A07-B335-B567A025169E}.Release|Any CPU.Build.0 = Release|Any CPU
		{B89D8CB6-003F-4A07-B335-B567A025169E}.Release|Any CPU.Deploy.0 = Release|Any CPU
		{B89D8CB6-003F-4A07-B335-B567A025169E}.Release|ARM.ActiveCfg = Release|Any CPU
		{B89D8CB6-003F-4A07-B335-B567A025169E}.Release|ARM.Build.0 = Release|Any CPU
		{B89D8CB6-003F-4A07-B335-B567A025169E}.Release|ARM.Deploy.0 = Release|Any CPU
		{B89D8CB6-003F-4A07-B335-B567A025169E}.Release|iPhone.ActiveCfg = Release|Any CPU
		{B89D8CB6-003F-4A07-B335-B567A025169E}.Release|iPhone.Build.0 = Release|Any CPU
		{B89D8CB6-003F-4A07-B335-B567A025169E}.Release|iPhone.Deploy.0 = Release|Any CPU
		{B89D8CB6-003F-4A07-B335-B567A025169E}.Release|iPhoneSimulator.ActiveCfg = Release|Any CPU
		{B89D8CB6-003F-4A07-B335-B567A025169E}.Release|iPhoneSimulator.Build.0 = Release|Any CPU
		{B89D8CB6-003F-4A07-B335-B567A025169E}.Release|iPhoneSimulator.Deploy.0 = Release|Any CPU
		{B89D8CB6-003F-4A07-B335-B567A025169E}.Release|x64.ActiveCfg = Release|Any CPU
		{B89D8CB6-003F-4A07-B335-B567A025169E}.Release|x64.Build.0 = Release|Any CPU
		{B89D8CB6-003F-4A07-B335-B567A025169E}.Release|x64.Deploy.0 = Release|Any CPU
		{B89D8CB6-003F-4A07-B335-B567A025169E}.Release|x86.ActiveCfg = Release|Any CPU
		{B89D8CB6-003F-4A07-B335-B567A025169E}.Release|x86.Build.0 = Release|Any CPU
		{B89D8CB6-003F-4A07-B335-B567A025169E}.Release|x86.Deploy.0 = Release|Any CPU
	EndGlobalSection
	GlobalSection(SolutionProperties) = preSolution
		HideSolutionNode = FALSE
	EndGlobalSection
	GlobalSection(ExtensibilityGlobals) = postSolution
		SolutionGuid = {439116EA-E7E7-45F3-AC2A-EECA09C777EB}
	EndGlobalSection
EndGlobal
